// !$*UTF8*$!
{
	archiveVersion = 1;
	classes = {
	};
	objectVersion = 56;
	objects = {

/* Begin PBXBuildFile section */
		ABB125B82AA9A7A800123898 /* AppDelegate.swift in Sources */ = {isa = PBXBuildFile; fileRef = ABB125B72AA9A7A800123898 /* AppDelegate.swift */; };
		ABB125BA2AA9A7A800123898 /* SceneDelegate.swift in Sources */ = {isa = PBXBuildFile; fileRef = ABB125B92AA9A7A800123898 /* SceneDelegate.swift */; };
		ABB125BC2AA9A7A800123898 /* ViewController.swift in Sources */ = {isa = PBXBuildFile; fileRef = ABB125BB2AA9A7A800123898 /* ViewController.swift */; };
		ABB125BF2AA9A7A800123898 /* Main.storyboard in Resources */ = {isa = PBXBuildFile; fileRef = ABB125BD2AA9A7A800123898 /* Main.storyboard */; };
		ABB125C12AA9A7A900123898 /* Assets.xcassets in Resources */ = {isa = PBXBuildFile; fileRef = ABB125C02AA9A7A900123898 /* Assets.xcassets */; };
		ABB125C42AA9A7A900123898 /* LaunchScreen.storyboard in Resources */ = {isa = PBXBuildFile; fileRef = ABB125C22AA9A7A900123898 /* LaunchScreen.storyboard */; };
		ABB125CF2AA9A7A900123898 /* _4Tests.swift in Sources */ = {isa = PBXBuildFile; fileRef = ABB125CE2AA9A7A900123898 /* _4Tests.swift */; };
		ABB125D92AA9A7A900123898 /* _4UITests.swift in Sources */ = {isa = PBXBuildFile; fileRef = ABB125D82AA9A7A900123898 /* _4UITests.swift */; };
		ABB125DB2AA9A7A900123898 /* _4UITestsLaunchTests.swift in Sources */ = {isa = PBXBuildFile; fileRef = ABB125DA2AA9A7A900123898 /* _4UITestsLaunchTests.swift */; };
/* End PBXBuildFile section */

/* Begin PBXContainerItemProxy section */
		ABB125CB2AA9A7A900123898 /* PBXContainerItemProxy */ = {
			isa = PBXContainerItemProxy;
			containerPortal = ABB125AC2AA9A7A800123898 /* Project object */;
			proxyType = 1;
			remoteGlobalIDString = ABB125B32AA9A7A800123898;
			remoteInfo = 44;
		};
		ABB125D52AA9A7A900123898 /* PBXContainerItemProxy */ = {
			isa = PBXContainerItemProxy;
			containerPortal = ABB125AC2AA9A7A800123898 /* Project object */;
			proxyType = 1;
			remoteGlobalIDString = ABB125B32AA9A7A800123898;
			remoteInfo = 44;
		};
/* End PBXContainerItemProxy section */

/* Begin PBXFileReference section */
		ABB125B42AA9A7A800123898 /* 44.app */ = {isa = PBXFileReference; explicitFileType = wrapper.application; includeInIndex = 0; path = 44.app; sourceTree = BUILT_PRODUCTS_DIR; };
		ABB125B72AA9A7A800123898 /* AppDelegate.swift */ = {isa = PBXFileReference; lastKnownFileType = sourcecode.swift; path = AppDelegate.swift; sourceTree = "<group>"; };
		ABB125B92AA9A7A800123898 /* SceneDelegate.swift */ = {isa = PBXFileReference; lastKnownFileType = sourcecode.swift; path = SceneDelegate.swift; sourceTree = "<group>"; };
		ABB125BB2AA9A7A800123898 /* ViewController.swift */ = {isa = PBXFileReference; lastKnownFileType = sourcecode.swift; path = ViewController.swift; sourceTree = "<group>"; };
		ABB125BE2AA9A7A800123898 /* Base */ = {isa = PBXFileReference; lastKnownFileType = file.storyboard; name = Base; path = Base.lproj/Main.storyboard; sourceTree = "<group>"; };
		ABB125C02AA9A7A900123898 /* Assets.xcassets */ = {isa = PBXFileReference; lastKnownFileType = folder.assetcatalog; path = Assets.xcassets; sourceTree = "<group>"; };
		ABB125C32AA9A7A900123898 /* Base */ = {isa = PBXFileReference; lastKnownFileType = file.storyboard; name = Base; path = Base.lproj/LaunchScreen.storyboard; sourceTree = "<group>"; };
		ABB125C52AA9A7A900123898 /* Info.plist */ = {isa = PBXFileReference; lastKnownFileType = text.plist.xml; path = Info.plist; sourceTree = "<group>"; };
		ABB125CA2AA9A7A900123898 /* 44Tests.xctest */ = {isa = PBXFileReference; explicitFileType = wrapper.cfbundle; includeInIndex = 0; path = 44Tests.xctest; sourceTree = BUILT_PRODUCTS_DIR; };
		ABB125CE2AA9A7A900123898 /* _4Tests.swift */ = {isa = PBXFileReference; lastKnownFileType = sourcecode.swift; path = _4Tests.swift; sourceTree = "<group>"; };
		ABB125D42AA9A7A900123898 /* 44UITests.xctest */ = {isa = PBXFileReference; explicitFileType = wrapper.cfbundle; includeInIndex = 0; path = 44UITests.xctest; sourceTree = BUILT_PRODUCTS_DIR; };
		ABB125D82AA9A7A900123898 /* _4UITests.swift */ = {isa = PBXFileReference; lastKnownFileType = sourcecode.swift; path = _4UITests.swift; sourceTree = "<group>"; };
		ABB125DA2AA9A7A900123898 /* _4UITestsLaunchTests.swift */ = {isa = PBXFileReference; lastKnownFileType = sourcecode.swift; path = _4UITestsLaunchTests.swift; sourceTree = "<group>"; };
/* End PBXFileReference section */

/* Begin PBXFrameworksBuildPhase section */
		ABB125B12AA9A7A800123898 /* Frameworks */ = {
			isa = PBXFrameworksBuildPhase;
			buildActionMask = 2147483647;
			files = (
			);
			runOnlyForDeploymentPostprocessing = 0;
		};
		ABB125C72AA9A7A900123898 /* Frameworks */ = {
			isa = PBXFrameworksBuildPhase;
			buildActionMask = 2147483647;
			files = (
			);
			runOnlyForDeploymentPostprocessing = 0;
		};
		ABB125D12AA9A7A900123898 /* Frameworks */ = {
			isa = PBXFrameworksBuildPhase;
			buildActionMask = 2147483647;
			files = (
			);
			runOnlyForDeploymentPostprocessing = 0;
		};
/* End PBXFrameworksBuildPhase section */

/* Begin PBXGroup section */
		ABB125AB2AA9A7A800123898 = {
			isa = PBXGroup;
			children = (
				ABB125B62AA9A7A800123898 /* 44 */,
				ABB125CD2AA9A7A900123898 /* 44Tests */,
				ABB125D72AA9A7A900123898 /* 44UITests */,
				ABB125B52AA9A7A800123898 /* Products */,
			);
			sourceTree = "<group>";
		};
		ABB125B52AA9A7A800123898 /* Products */ = {
			isa = PBXGroup;
			children = (
				ABB125B42AA9A7A800123898 /* 44.app */,
				ABB125CA2AA9A7A900123898 /* 44Tests.xctest */,
				ABB125D42AA9A7A900123898 /* 44UITests.xctest */,
			);
			name = Products;
			sourceTree = "<group>";
		};
		ABB125B62AA9A7A800123898 /* 44 */ = {
			isa = PBXGroup;
			children = (
				ABB125B72AA9A7A800123898 /* AppDelegate.swift */,
				ABB125B92AA9A7A800123898 /* SceneDelegate.swift */,
				ABB125BB2AA9A7A800123898 /* ViewController.swift */,
				ABB125BD2AA9A7A800123898 /* Main.storyboard */,
				ABB125C02AA9A7A900123898 /* Assets.xcassets */,
				ABB125C22AA9A7A900123898 /* LaunchScreen.storyboard */,
				ABB125C52AA9A7A900123898 /* Info.plist */,
			);
			path = 44;
			sourceTree = "<group>";
		};
		ABB125CD2AA9A7A900123898 /* 44Tests */ = {
			isa = PBXGroup;
			children = (
				ABB125CE2AA9A7A900123898 /* _4Tests.swift */,
			);
			path = 44Tests;
			sourceTree = "<group>";
		};
		ABB125D72AA9A7A900123898 /* 44UITests */ = {
			isa = PBXGroup;
			children = (
				ABB125D82AA9A7A900123898 /* _4UITests.swift */,
				ABB125DA2AA9A7A900123898 /* _4UITestsLaunchTests.swift */,
			);
			path = 44UITests;
			sourceTree = "<group>";
		};
/* End PBXGroup section */

/* Begin PBXNativeTarget section */
		ABB125B32AA9A7A800123898 /* 44 */ = {
			isa = PBXNativeTarget;
			buildConfigurationList = ABB125DE2AA9A7A900123898 /* Build configuration list for PBXNativeTarget "44" */;
			buildPhases = (
				ABB125B02AA9A7A800123898 /* Sources */,
				ABB125B12AA9A7A800123898 /* Frameworks */,
				ABB125B22AA9A7A800123898 /* Resources */,
			);
			buildRules = (
			);
			dependencies = (
			);
			name = 44;
			productName = 44;
			productReference = ABB125B42AA9A7A800123898 /* 44.app */;
			productType = "com.apple.product-type.application";
		};
		ABB125C92AA9A7A900123898 /* 44Tests */ = {
			isa = PBXNativeTarget;
			buildConfigurationList = ABB125E12AA9A7A900123898 /* Build configuration list for PBXNativeTarget "44Tests" */;
			buildPhases = (
				ABB125C62AA9A7A900123898 /* Sources */,
				ABB125C72AA9A7A900123898 /* Frameworks */,
				ABB125C82AA9A7A900123898 /* Resources */,
			);
			buildRules = (
			);
			dependencies = (
				ABB125CC2AA9A7A900123898 /* PBXTargetDependency */,
			);
			name = 44Tests;
			productName = 44Tests;
			productReference = ABB125CA2AA9A7A900123898 /* 44Tests.xctest */;
			productType = "com.apple.product-type.bundle.unit-test";
		};
		ABB125D32AA9A7A900123898 /* 44UITests */ = {
			isa = PBXNativeTarget;
			buildConfigurationList = ABB125E42AA9A7A900123898 /* Build configuration list for PBXNativeTarget "44UITests" */;
			buildPhases = (
				ABB125D02AA9A7A900123898 /* Sources */,
				ABB125D12AA9A7A900123898 /* Frameworks */,
				ABB125D22AA9A7A900123898 /* Resources */,
			);
			buildRules = (
			);
			dependencies = (
				ABB125D62AA9A7A900123898 /* PBXTargetDependency */,
			);
			name = 44UITests;
			productName = 44UITests;
			productReference = ABB125D42AA9A7A900123898 /* 44UITests.xctest */;
			productType = "com.apple.product-type.bundle.ui-testing";
		};
/* End PBXNativeTarget section */

/* Begin PBXProject section */
		ABB125AC2AA9A7A800123898 /* Project object */ = {
			isa = PBXProject;
			attributes = {
				BuildIndependentTargetsInParallel = 1;
				LastSwiftUpdateCheck = 1420;
				LastUpgradeCheck = 1420;
				TargetAttributes = {
					ABB125B32AA9A7A800123898 = {
						CreatedOnToolsVersion = 14.2;
					};
					ABB125C92AA9A7A900123898 = {
						CreatedOnToolsVersion = 14.2;
						TestTargetID = ABB125B32AA9A7A800123898;
					};
					ABB125D32AA9A7A900123898 = {
						CreatedOnToolsVersion = 14.2;
						TestTargetID = ABB125B32AA9A7A800123898;
					};
				};
			};
			buildConfigurationList = ABB125AF2AA9A7A800123898 /* Build configuration list for PBXProject "44" */;
			compatibilityVersion = "Xcode 14.0";
			developmentRegion = en;
			hasScannedForEncodings = 0;
			knownRegions = (
				en,
				Base,
			);
			mainGroup = ABB125AB2AA9A7A800123898;
			productRefGroup = ABB125B52AA9A7A800123898 /* Products */;
			projectDirPath = "";
			projectRoot = "";
			targets = (
				ABB125B32AA9A7A800123898 /* 44 */,
				ABB125C92AA9A7A900123898 /* 44Tests */,
				ABB125D32AA9A7A900123898 /* 44UITests */,
			);
		};
/* End PBXProject section */

/* Begin PBXResourcesBuildPhase section */
		ABB125B22AA9A7A800123898 /* Resources */ = {
			isa = PBXResourcesBuildPhase;
			buildActionMask = 2147483647;
			files = (
				ABB125C42AA9A7A900123898 /* LaunchScreen.storyboard in Resources */,
				ABB125C12AA9A7A900123898 /* Assets.xcassets in Resources */,
				ABB125BF2AA9A7A800123898 /* Main.storyboard in Resources */,
			);
			runOnlyForDeploymentPostprocessing = 0;
		};
		ABB125C82AA9A7A900123898 /* Resources */ = {
			isa = PBXResourcesBuildPhase;
			buildActionMask = 2147483647;
			files = (
			);
			runOnlyForDeploymentPostprocessing = 0;
		};
		ABB125D22AA9A7A900123898 /* Resources */ = {
			isa = PBXResourcesBuildPhase;
			buildActionMask = 2147483647;
			files = (
			);
			runOnlyForDeploymentPostprocessing = 0;
		};
/* End PBXResourcesBuildPhase section */

/* Begin PBXSourcesBuildPhase section */
		ABB125B02AA9A7A800123898 /* Sources */ = {
			isa = PBXSourcesBuildPhase;
			buildActionMask = 2147483647;
			files = (
				ABB125BC2AA9A7A800123898 /* ViewController.swift in Sources */,
				ABB125B82AA9A7A800123898 /* AppDelegate.swift in Sources */,
				ABB125BA2AA9A7A800123898 /* SceneDelegate.swift in Sources */,
			);
			runOnlyForDeploymentPostprocessing = 0;
		};
		ABB125C62AA9A7A900123898 /* Sources */ = {
			isa = PBXSourcesBuildPhase;
			buildActionMask = 2147483647;
			files = (
				ABB125CF2AA9A7A900123898 /* _4Tests.swift in Sources */,
			);
			runOnlyForDeploymentPostprocessing = 0;
		};
		ABB125D02AA9A7A900123898 /* Sources */ = {
			isa = PBXSourcesBuildPhase;
			buildActionMask = 2147483647;
			files = (
				ABB125D92AA9A7A900123898 /* _4UITests.swift in Sources */,
				ABB125DB2AA9A7A900123898 /* _4UITestsLaunchTests.swift in Sources */,
			);
			runOnlyForDeploymentPostprocessing = 0;
		};
/* End PBXSourcesBuildPhase section */

/* Begin PBXTargetDependency section */
		ABB125CC2AA9A7A900123898 /* PBXTargetDependency */ = {
			isa = PBXTargetDependency;
			target = ABB125B32AA9A7A800123898 /* 44 */;
			targetProxy = ABB125CB2AA9A7A900123898 /* PBXContainerItemProxy */;
		};
		ABB125D62AA9A7A900123898 /* PBXTargetDependency */ = {
			isa = PBXTargetDependency;
			target = ABB125B32AA9A7A800123898 /* 44 */;
			targetProxy = ABB125D52AA9A7A900123898 /* PBXContainerItemProxy */;
		};
/* End PBXTargetDependency section */

/* Begin PBXVariantGroup section */
		ABB125BD2AA9A7A800123898 /* Main.storyboard */ = {
			isa = PBXVariantGroup;
			children = (
				ABB125BE2AA9A7A800123898 /* Base */,
			);
			name = Main.storyboard;
			sourceTree = "<group>";
		};
		ABB125C22AA9A7A900123898 /* LaunchScreen.storyboard */ = {
			isa = PBXVariantGroup;
			children = (
				ABB125C32AA9A7A900123898 /* Base */,
			);
			name = LaunchScreen.storyboard;
			sourceTree = "<group>";
		};
/* End PBXVariantGroup section */

/* Begin XCBuildConfiguration section */
		ABB125DC2AA9A7A900123898 /* Debug */ = {
			isa = XCBuildConfiguration;
			buildSettings = {
				ALWAYS_SEARCH_USER_PATHS = NO;
				CLANG_ANALYZER_NONNULL = YES;
				CLANG_ANALYZER_NUMBER_OBJECT_CONVERSION = YES_AGGRESSIVE;
				CLANG_CXX_LANGUAGE_STANDARD = "gnu++20";
				CLANG_ENABLE_MODULES = YES;
				CLANG_ENABLE_OBJC_ARC = YES;
				CLANG_ENABLE_OBJC_WEAK = YES;
				CLANG_WARN_BLOCK_CAPTURE_AUTORELEASING = YES;
				CLANG_WARN_BOOL_CONVERSION = YES;
				CLANG_WARN_COMMA = YES;
				CLANG_WARN_CONSTANT_CONVERSION = YES;
				CLANG_WARN_DEPRECATED_OBJC_IMPLEMENTATIONS = YES;
				CLANG_WARN_DIRECT_OBJC_ISA_USAGE = YES_ERROR;
				CLANG_WARN_DOCUMENTATION_COMMENTS = YES;
				CLANG_WARN_EMPTY_BODY = YES;
				CLANG_WARN_ENUM_CONVERSION = YES;
				CLANG_WARN_INFINITE_RECURSION = YES;
				CLANG_WARN_INT_CONVERSION = YES;
				CLANG_WARN_NON_LITERAL_NULL_CONVERSION = YES;
				CLANG_WARN_OBJC_IMPLICIT_RETAIN_SELF = YES;
				CLANG_WARN_OBJC_LITERAL_CONVERSION = YES;
				CLANG_WARN_OBJC_ROOT_CLASS = YES_ERROR;
				CLANG_WARN_QUOTED_INCLUDE_IN_FRAMEWORK_HEADER = YES;
				CLANG_WARN_RANGE_LOOP_ANALYSIS = YES;
				CLANG_WARN_STRICT_PROTOTYPES = YES;
				CLANG_WARN_SUSPICIOUS_MOVE = YES;
				CLANG_WARN_UNGUARDED_AVAILABILITY = YES_AGGRESSIVE;
				CLANG_WARN_UNREACHABLE_CODE = YES;
				CLANG_WARN__DUPLICATE_METHOD_MATCH = YES;
				COPY_PHASE_STRIP = NO;
				DEBUG_INFORMATION_FORMAT = dwarf;
				ENABLE_STRICT_OBJC_MSGSEND = YES;
				ENABLE_TESTABILITY = YES;
				GCC_C_LANGUAGE_STANDARD = gnu11;
				GCC_DYNAMIC_NO_PIC = NO;
				GCC_NO_COMMON_BLOCKS = YES;
				GCC_OPTIMIZATION_LEVEL = 0;
				GCC_PREPROCESSOR_DEFINITIONS = (
					"DEBUG=1",
					"$(inherited)",
				);
				GCC_WARN_64_TO_32_BIT_CONVERSION = YES;
				GCC_WARN_ABOUT_RETURN_TYPE = YES_ERROR;
				GCC_WARN_UNDECLARED_SELECTOR = YES;
				GCC_WARN_UNINITIALIZED_AUTOS = YES_AGGRESSIVE;
				GCC_WARN_UNUSED_FUNCTION = YES;
				GCC_WARN_UNUSED_VARIABLE = YES;
				IPHONEOS_DEPLOYMENT_TARGET = 16.2;
				MTL_ENABLE_DEBUG_INFO = INCLUDE_SOURCE;
				MTL_FAST_MATH = YES;
				ONLY_ACTIVE_ARCH = YES;
				SDKROOT = iphoneos;
				SWIFT_ACTIVE_COMPILATION_CONDITIONS = DEBUG;
				SWIFT_OPTIMIZATION_LEVEL = "-Onone";
			};
			name = Debug;
		};
		ABB125DD2AA9A7A900123898 /* Release */ = {
			isa = XCBuildConfiguration;
			buildSettings = {
				ALWAYS_SEARCH_USER_PATHS = NO;
				CLANG_ANALYZER_NONNULL = YES;
				CLANG_ANALYZER_NUMBER_OBJECT_CONVERSION = YES_AGGRESSIVE;
				CLANG_CXX_LANGUAGE_STANDARD = "gnu++20";
				CLANG_ENABLE_MODULES = YES;
				CLANG_ENABLE_OBJC_ARC = YES;
				CLANG_ENABLE_OBJC_WEAK = YES;
				CLANG_WARN_BLOCK_CAPTURE_AUTORELEASING = YES;
				CLANG_WARN_BOOL_CONVERSION = YES;
				CLANG_WARN_COMMA = YES;
				CLANG_WARN_CONSTANT_CONVERSION = YES;
				CLANG_WARN_DEPRECATED_OBJC_IMPLEMENTATIONS = YES;
				CLANG_WARN_DIRECT_OBJC_ISA_USAGE = YES_ERROR;
				CLANG_WARN_DOCUMENTATION_COMMENTS = YES;
				CLANG_WARN_EMPTY_BODY = YES;
				CLANG_WARN_ENUM_CONVERSION = YES;
				CLANG_WARN_INFINITE_RECURSION = YES;
				CLANG_WARN_INT_CONVERSION = YES;
				CLANG_WARN_NON_LITERAL_NULL_CONVERSION = YES;
				CLANG_WARN_OBJC_IMPLICIT_RETAIN_SELF = YES;
				CLANG_WARN_OBJC_LITERAL_CONVERSION = YES;
				CLANG_WARN_OBJC_ROOT_CLASS = YES_ERROR;
				CLANG_WARN_QUOTED_INCLUDE_IN_FRAMEWORK_HEADER = YES;
				CLANG_WARN_RANGE_LOOP_ANALYSIS = YES;
				CLANG_WARN_STRICT_PROTOTYPES = YES;
				CLANG_WARN_SUSPICIOUS_MOVE = YES;
				CLANG_WARN_UNGUARDED_AVAILABILITY = YES_AGGRESSIVE;
				CLANG_WARN_UNREACHABLE_CODE = YES;
				CLANG_WARN__DUPLICATE_METHOD_MATCH = YES;
				COPY_PHASE_STRIP = NO;
				DEBUG_INFORMATION_FORMAT = "dwarf-with-dsym";
				ENABLE_NS_ASSERTIONS = NO;
				ENABLE_STRICT_OBJC_MSGSEND = YES;
				GCC_C_LANGUAGE_STANDARD = gnu11;
				GCC_NO_COMMON_BLOCKS = YES;
				GCC_WARN_64_TO_32_BIT_CONVERSION = YES;
				GCC_WARN_ABOUT_RETURN_TYPE = YES_ERROR;
				GCC_WARN_UNDECLARED_SELECTOR = YES;
				GCC_WARN_UNINITIALIZED_AUTOS = YES_AGGRESSIVE;
				GCC_WARN_UNUSED_FUNCTION = YES;
				GCC_WARN_UNUSED_VARIABLE = YES;
				IPHONEOS_DEPLOYMENT_TARGET = 16.2;
				MTL_ENABLE_DEBUG_INFO = NO;
				MTL_FAST_MATH = YES;
				SDKROOT = iphoneos;
				SWIFT_COMPILATION_MODE = wholemodule;
				SWIFT_OPTIMIZATION_LEVEL = "-O";
				VALIDATE_PRODUCT = YES;
			};
			name = Release;
		};
		ABB125DF2AA9A7A900123898 /* Debug */ = {
			isa = XCBuildConfiguration;
			buildSettings = {
				ASSETCATALOG_COMPILER_APPICON_NAME = AppIcon;
				ASSETCATALOG_COMPILER_GLOBAL_ACCENT_COLOR_NAME = AccentColor;
				CODE_SIGN_STYLE = Automatic;
				CURRENT_PROJECT_VERSION = 1;
				GENERATE_INFOPLIST_FILE = YES;
				INFOPLIST_FILE = 44/Info.plist;
				INFOPLIST_KEY_UIApplicationSupportsIndirectInputEvents = YES;
				INFOPLIST_KEY_UILaunchStoryboardName = LaunchScreen;
				INFOPLIST_KEY_UIMainStoryboardFile = Main;
				INFOPLIST_KEY_UISupportedInterfaceOrientations_iPad = "UIInterfaceOrientationPortrait UIInterfaceOrientationPortraitUpsideDown UIInterfaceOrientationLandscapeLeft UIInterfaceOrientationLandscapeRight";
				INFOPLIST_KEY_UISupportedInterfaceOrientations_iPhone = "UIInterfaceOrientationPortrait UIInterfaceOrientationLandscapeLeft UIInterfaceOrientationLandscapeRight";
				LD_RUNPATH_SEARCH_PATHS = (
					"$(inherited)",
					"@executable_path/Frameworks",
				);
				MARKETING_VERSION = 1.0;
				PRODUCT_BUNDLE_IDENTIFIER = "kr.co.test.-4";
				PRODUCT_NAME = "$(TARGET_NAME)";
				SWIFT_EMIT_LOC_STRINGS = YES;
				SWIFT_VERSION = 5.0;
				TARGETED_DEVICE_FAMILY = "1,2";
			};
			name = Debug;
		};
		ABB125E02AA9A7A900123898 /* Release */ = {
			isa = XCBuildConfiguration;
			buildSettings = {
				ASSETCATALOG_COMPILER_APPICON_NAME = AppIcon;
				ASSETCATALOG_COMPILER_GLOBAL_ACCENT_COLOR_NAME = AccentColor;
				CODE_SIGN_STYLE = Automatic;
				CURRENT_PROJECT_VERSION = 1;
				GENERATE_INFOPLIST_FILE = YES;
				INFOPLIST_FILE = 44/Info.plist;
				INFOPLIST_KEY_UIApplicationSupportsIndirectInputEvents = YES;
				INFOPLIST_KEY_UILaunchStoryboardName = LaunchScreen;
				INFOPLIST_KEY_UIMainStoryboardFile = Main;
				INFOPLIST_KEY_UISupportedInterfaceOrientations_iPad = "UIInterfaceOrientationPortrait UIInterfaceOrientationPortraitUpsideDown UIInterfaceOrientationLandscapeLeft UIInterfaceOrientationLandscapeRight";
				INFOPLIST_KEY_UISupportedInterfaceOrientations_iPhone = "UIInterfaceOrientationPortrait UIInterfaceOrientationLandscapeLeft UIInterfaceOrientationLandscapeRight";
				LD_RUNPATH_SEARCH_PATHS = (
					"$(inherited)",
					"@executable_path/Frameworks",
				);
				MARKETING_VERSION = 1.0;
				PRODUCT_BUNDLE_IDENTIFIER = "kr.co.test.-4";
				PRODUCT_NAME = "$(TARGET_NAME)";
				SWIFT_EMIT_LOC_STRINGS = YES;
				SWIFT_VERSION = 5.0;
				TARGETED_DEVICE_FAMILY = "1,2";
			};
			name = Release;
		};
		ABB125E22AA9A7A900123898 /* Debug */ = {
			isa = XCBuildConfiguration;
			buildSettings = {
				ALWAYS_EMBED_SWIFT_STANDARD_LIBRARIES = YES;
				BUNDLE_LOADER = "$(TEST_HOST)";
				CODE_SIGN_STYLE = Automatic;
				CURRENT_PROJECT_VERSION = 1;
				GENERATE_INFOPLIST_FILE = YES;
				IPHONEOS_DEPLOYMENT_TARGET = 16.2;
				MARKETING_VERSION = 1.0;
				PRODUCT_BUNDLE_IDENTIFIER = "kr.co.test.-4Tests";
				PRODUCT_NAME = "$(TARGET_NAME)";
				SWIFT_EMIT_LOC_STRINGS = NO;
				SWIFT_VERSION = 5.0;
				TARGETED_DEVICE_FAMILY = "1,2";
				TEST_HOST = "$(BUILT_PRODUCTS_DIR)/44.app/$(BUNDLE_EXECUTABLE_FOLDER_PATH)/44";
			};
			name = Debug;
		};
		ABB125E32AA9A7A900123898 /* Release */ = {
			isa = XCBuildConfiguration;
			buildSettings = {
				ALWAYS_EMBED_SWIFT_STANDARD_LIBRARIES = YES;
				BUNDLE_LOADER = "$(TEST_HOST)";
				CODE_SIGN_STYLE = Automatic;
				CURRENT_PROJECT_VERSION = 1;
				GENERATE_INFOPLIST_FILE = YES;
				IPHONEOS_DEPLOYMENT_TARGET = 16.2;
				MARKETING_VERSION = 1.0;
				PRODUCT_BUNDLE_IDENTIFIER = "kr.co.test.-4Tests";
				PRODUCT_NAME = "$(TARGET_NAME)";
				SWIFT_EMIT_LOC_STRINGS = NO;
				SWIFT_VERSION = 5.0;
				TARGETED_DEVICE_FAMILY = "1,2";
				TEST_HOST = "$(BUILT_PRODUCTS_DIR)/44.app/$(BUNDLE_EXECUTABLE_FOLDER_PATH)/44";
			};
			name = Release;
		};
		ABB125E52AA9A7A900123898 /* Debug */ = {
			isa = XCBuildConfiguration;
			buildSettings = {
				ALWAYS_EMBED_SWIFT_STANDARD_LIBRARIES = YES;
				CODE_SIGN_STYLE = Automatic;
				CURRENT_PROJECT_VERSION = 1;
				GENERATE_INFOPLIST_FILE = YES;
				MARKETING_VERSION = 1.0;
				PRODUCT_BUNDLE_IDENTIFIER = "kr.co.test.-4UITests";
				PRODUCT_NAME = "$(TARGET_NAME)";
				SWIFT_EMIT_LOC_STRINGS = NO;
				SWIFT_VERSION = 5.0;
				TARGETED_DEVICE_FAMILY = "1,2";
				TEST_TARGET_NAME = 44;
			};
			name = Debug;
		};
		ABB125E62AA9A7A900123898 /* Release */ = {
			isa = XCBuildConfiguration;
			buildSettings = {
				ALWAYS_EMBED_SWIFT_STANDARD_LIBRARIES = YES;
				CODE_SIGN_STYLE = Automatic;
				CURRENT_PROJECT_VERSION = 1;
				GENERATE_INFOPLIST_FILE = YES;
				MARKETING_VERSION = 1.0;
				PRODUCT_BUNDLE_IDENTIFIER = "kr.co.test.-4UITests";
				PRODUCT_NAME = "$(TARGET_NAME)";
				SWIFT_EMIT_LOC_STRINGS = NO;
				SWIFT_VERSION = 5.0;
				TARGETED_DEVICE_FAMILY = "1,2";
				TEST_TARGET_NAME = 44;
			};
			name = Release;
		};
/* End XCBuildConfiguration section */

/* Begin XCConfigurationList section */
		ABB125AF2AA9A7A800123898 /* Build configuration list for PBXProject "44" */ = {
			isa = XCConfigurationList;
			buildConfigurations = (
				ABB125DC2AA9A7A900123898 /* Debug */,
				ABB125DD2AA9A7A900123898 /* Release */,
			);
			defaultConfigurationIsVisible = 0;
			defaultConfigurationName = Release;
		};
		ABB125DE2AA9A7A900123898 /* Build configuration list for PBXNativeTarget "44" */ = {
			isa = XCConfigurationList;
			buildConfigurations = (
				ABB125DF2AA9A7A900123898 /* Debug */,
				ABB125E02AA9A7A900123898 /* Release */,
			);
			defaultConfigurationIsVisible = 0;
			defaultConfigurationName = Release;
		};
		ABB125E12AA9A7A900123898 /* Build configuration list for PBXNativeTarget "44Tests" */ = {
			isa = XCConfigurationList;
			buildConfigurations = (
				ABB125E22AA9A7A900123898 /* Debug */,
				ABB125E32AA9A7A900123898 /* Release */,
			);
			defaultConfigurationIsVisible = 0;
			defaultConfigurationName = Release;
		};
		ABB125E42AA9A7A900123898 /* Build configuration list for PBXNativeTarget "44UITests" */ = {
			isa = XCConfigurationList;
			buildConfigurations = (
				ABB125E52AA9A7A900123898 /* Debug */,
				ABB125E62AA9A7A900123898 /* Release */,
			);
			defaultConfigurationIsVisible = 0;
			defaultConfigurationName = Release;
		};
/* End XCConfigurationList section */
	};
	rootObject = ABB125AC2AA9A7A800123898 /* Project object */;
}
