// !$*UTF8*$!
{
	archiveVersion = 1;
	classes = {
	};
	objectVersion = 56;
	objects = {

/* Begin PBXBuildFile section */
		AB78128A2B317961003BAAD0 /* _1_basicApp.swift in Sources */ = {isa = PBXBuildFile; fileRef = AB7812892B317961003BAAD0 /* _1_basicApp.swift */; };
		AB78128C2B317961003BAAD0 /* ContentView.swift in Sources */ = {isa = PBXBuildFile; fileRef = AB78128B2B317961003BAAD0 /* ContentView.swift */; };
		AB78128E2B317961003BAAD0 /* Assets.xcassets in Resources */ = {isa = PBXBuildFile; fileRef = AB78128D2B317961003BAAD0 /* Assets.xcassets */; };
		AB7812912B317961003BAAD0 /* Preview Assets.xcassets in Resources */ = {isa = PBXBuildFile; fileRef = AB7812902B317961003BAAD0 /* Preview Assets.xcassets */; };
		AB78129B2B317962003BAAD0 /* _1_basicTests.swift in Sources */ = {isa = PBXBuildFile; fileRef = AB78129A2B317962003BAAD0 /* _1_basicTests.swift */; };
		AB7812A52B317962003BAAD0 /* _1_basicUITests.swift in Sources */ = {isa = PBXBuildFile; fileRef = AB7812A42B317962003BAAD0 /* _1_basicUITests.swift */; };
		AB7812A72B317962003BAAD0 /* _1_basicUITestsLaunchTests.swift in Sources */ = {isa = PBXBuildFile; fileRef = AB7812A62B317962003BAAD0 /* _1_basicUITestsLaunchTests.swift */; };
		AB7812B62B317A53003BAAD0 /* VariableType.swift in Sources */ = {isa = PBXBuildFile; fileRef = AB7812B52B317A53003BAAD0 /* VariableType.swift */; };
		AB7812B82B318427003BAAD0 /* MyCollections.swift in Sources */ = {isa = PBXBuildFile; fileRef = AB7812B72B318427003BAAD0 /* MyCollections.swift */; };
		AB7812BA2B3189B7003BAAD0 /* Condition.swift in Sources */ = {isa = PBXBuildFile; fileRef = AB7812B92B3189B7003BAAD0 /* Condition.swift */; };
		AB7812BC2B318C7E003BAAD0 /* Loop.swift in Sources */ = {isa = PBXBuildFile; fileRef = AB7812BB2B318C7E003BAAD0 /* Loop.swift */; };
		AB7812BE2B318E16003BAAD0 /* Function.swift in Sources */ = {isa = PBXBuildFile; fileRef = AB7812BD2B318E16003BAAD0 /* Function.swift */; };
/* End PBXBuildFile section */

/* Begin PBXContainerItemProxy section */
		AB7812972B317962003BAAD0 /* PBXContainerItemProxy */ = {
			isa = PBXContainerItemProxy;
			containerPortal = AB78127E2B317961003BAAD0 /* Project object */;
			proxyType = 1;
			remoteGlobalIDString = AB7812852B317961003BAAD0;
			remoteInfo = 01_basic;
		};
		AB7812A12B317962003BAAD0 /* PBXContainerItemProxy */ = {
			isa = PBXContainerItemProxy;
			containerPortal = AB78127E2B317961003BAAD0 /* Project object */;
			proxyType = 1;
			remoteGlobalIDString = AB7812852B317961003BAAD0;
			remoteInfo = 01_basic;
		};
/* End PBXContainerItemProxy section */

/* Begin PBXFileReference section */
		AB7812862B317961003BAAD0 /* 01_basic.app */ = {isa = PBXFileReference; explicitFileType = wrapper.application; includeInIndex = 0; path = 01_basic.app; sourceTree = BUILT_PRODUCTS_DIR; };
		AB7812892B317961003BAAD0 /* _1_basicApp.swift */ = {isa = PBXFileReference; lastKnownFileType = sourcecode.swift; path = _1_basicApp.swift; sourceTree = "<group>"; };
		AB78128B2B317961003BAAD0 /* ContentView.swift */ = {isa = PBXFileReference; lastKnownFileType = sourcecode.swift; path = ContentView.swift; sourceTree = "<group>"; };
		AB78128D2B317961003BAAD0 /* Assets.xcassets */ = {isa = PBXFileReference; lastKnownFileType = folder.assetcatalog; path = Assets.xcassets; sourceTree = "<group>"; };
		AB7812902B317961003BAAD0 /* Preview Assets.xcassets */ = {isa = PBXFileReference; lastKnownFileType = folder.assetcatalog; path = "Preview Assets.xcassets"; sourceTree = "<group>"; };
		AB7812962B317962003BAAD0 /* 01_basicTests.xctest */ = {isa = PBXFileReference; explicitFileType = wrapper.cfbundle; includeInIndex = 0; path = 01_basicTests.xctest; sourceTree = BUILT_PRODUCTS_DIR; };
		AB78129A2B317962003BAAD0 /* _1_basicTests.swift */ = {isa = PBXFileReference; lastKnownFileType = sourcecode.swift; path = _1_basicTests.swift; sourceTree = "<group>"; };
		AB7812A02B317962003BAAD0 /* 01_basicUITests.xctest */ = {isa = PBXFileReference; explicitFileType = wrapper.cfbundle; includeInIndex = 0; path = 01_basicUITests.xctest; sourceTree = BUILT_PRODUCTS_DIR; };
		AB7812A42B317962003BAAD0 /* _1_basicUITests.swift */ = {isa = PBXFileReference; lastKnownFileType = sourcecode.swift; path = _1_basicUITests.swift; sourceTree = "<group>"; };
		AB7812A62B317962003BAAD0 /* _1_basicUITestsLaunchTests.swift */ = {isa = PBXFileReference; lastKnownFileType = sourcecode.swift; path = _1_basicUITestsLaunchTests.swift; sourceTree = "<group>"; };
		AB7812B52B317A53003BAAD0 /* VariableType.swift */ = {isa = PBXFileReference; lastKnownFileType = sourcecode.swift; path = VariableType.swift; sourceTree = "<group>"; };
		AB7812B72B318427003BAAD0 /* MyCollections.swift */ = {isa = PBXFileReference; lastKnownFileType = sourcecode.swift; path = MyCollections.swift; sourceTree = "<group>"; };
		AB7812B92B3189B7003BAAD0 /* Condition.swift */ = {isa = PBXFileReference; lastKnownFileType = sourcecode.swift; path = Condition.swift; sourceTree = "<group>"; };
		AB7812BB2B318C7E003BAAD0 /* Loop.swift */ = {isa = PBXFileReference; lastKnownFileType = sourcecode.swift; path = Loop.swift; sourceTree = "<group>"; };
		AB7812BD2B318E16003BAAD0 /* Function.swift */ = {isa = PBXFileReference; lastKnownFileType = sourcecode.swift; path = Function.swift; sourceTree = "<group>"; };
/* End PBXFileReference section */

/* Begin PBXFrameworksBuildPhase section */
		AB7812832B317961003BAAD0 /* Frameworks */ = {
			isa = PBXFrameworksBuildPhase;
			buildActionMask = 2147483647;
			files = (
			);
			runOnlyForDeploymentPostprocessing = 0;
		};
		AB7812932B317962003BAAD0 /* Frameworks */ = {
			isa = PBXFrameworksBuildPhase;
			buildActionMask = 2147483647;
			files = (
			);
			runOnlyForDeploymentPostprocessing = 0;
		};
		AB78129D2B317962003BAAD0 /* Frameworks */ = {
			isa = PBXFrameworksBuildPhase;
			buildActionMask = 2147483647;
			files = (
			);
			runOnlyForDeploymentPostprocessing = 0;
		};
/* End PBXFrameworksBuildPhase section */

/* Begin PBXGroup section */
		AB78127D2B317961003BAAD0 = {
			isa = PBXGroup;
			children = (
				AB7812882B317961003BAAD0 /* 01_basic */,
				AB7812992B317962003BAAD0 /* 01_basicTests */,
				AB7812A32B317962003BAAD0 /* 01_basicUITests */,
				AB7812872B317961003BAAD0 /* Products */,
			);
			sourceTree = "<group>";
		};
		AB7812872B317961003BAAD0 /* Products */ = {
			isa = PBXGroup;
			children = (
				AB7812862B317961003BAAD0 /* 01_basic.app */,
				AB7812962B317962003BAAD0 /* 01_basicTests.xctest */,
				AB7812A02B317962003BAAD0 /* 01_basicUITests.xctest */,
			);
			name = Products;
			sourceTree = "<group>";
		};
		AB7812882B317961003BAAD0 /* 01_basic */ = {
			isa = PBXGroup;
			children = (
				AB7812892B317961003BAAD0 /* _1_basicApp.swift */,
				AB78128B2B317961003BAAD0 /* ContentView.swift */,
				AB78128D2B317961003BAAD0 /* Assets.xcassets */,
				AB78128F2B317961003BAAD0 /* Preview Content */,
				AB7812B52B317A53003BAAD0 /* VariableType.swift */,
				AB7812B72B318427003BAAD0 /* MyCollections.swift */,
				AB7812B92B3189B7003BAAD0 /* Condition.swift */,
				AB7812BB2B318C7E003BAAD0 /* Loop.swift */,
				AB7812BD2B318E16003BAAD0 /* Function.swift */,
			);
			path = 01_basic;
			sourceTree = "<group>";
		};
		AB78128F2B317961003BAAD0 /* Preview Content */ = {
			isa = PBXGroup;
			children = (
				AB7812902B317961003BAAD0 /* Preview Assets.xcassets */,
			);
			path = "Preview Content";
			sourceTree = "<group>";
		};
		AB7812992B317962003BAAD0 /* 01_basicTests */ = {
			isa = PBXGroup;
			children = (
				AB78129A2B317962003BAAD0 /* _1_basicTests.swift */,
			);
			path = 01_basicTests;
			sourceTree = "<group>";
		};
		AB7812A32B317962003BAAD0 /* 01_basicUITests */ = {
			isa = PBXGroup;
			children = (
				AB7812A42B317962003BAAD0 /* _1_basicUITests.swift */,
				AB7812A62B317962003BAAD0 /* _1_basicUITestsLaunchTests.swift */,
			);
			path = 01_basicUITests;
			sourceTree = "<group>";
		};
/* End PBXGroup section */

/* Begin PBXNativeTarget section */
		AB7812852B317961003BAAD0 /* 01_basic */ = {
			isa = PBXNativeTarget;
			buildConfigurationList = AB7812AA2B317962003BAAD0 /* Build configuration list for PBXNativeTarget "01_basic" */;
			buildPhases = (
				AB7812822B317961003BAAD0 /* Sources */,
				AB7812832B317961003BAAD0 /* Frameworks */,
				AB7812842B317961003BAAD0 /* Resources */,
			);
			buildRules = (
			);
			dependencies = (
			);
			name = 01_basic;
			productName = 01_basic;
			productReference = AB7812862B317961003BAAD0 /* 01_basic.app */;
			productType = "com.apple.product-type.application";
		};
		AB7812952B317962003BAAD0 /* 01_basicTests */ = {
			isa = PBXNativeTarget;
			buildConfigurationList = AB7812AD2B317962003BAAD0 /* Build configuration list for PBXNativeTarget "01_basicTests" */;
			buildPhases = (
				AB7812922B317962003BAAD0 /* Sources */,
				AB7812932B317962003BAAD0 /* Frameworks */,
				AB7812942B317962003BAAD0 /* Resources */,
			);
			buildRules = (
			);
			dependencies = (
				AB7812982B317962003BAAD0 /* PBXTargetDependency */,
			);
			name = 01_basicTests;
			productName = 01_basicTests;
			productReference = AB7812962B317962003BAAD0 /* 01_basicTests.xctest */;
			productType = "com.apple.product-type.bundle.unit-test";
		};
		AB78129F2B317962003BAAD0 /* 01_basicUITests */ = {
			isa = PBXNativeTarget;
			buildConfigurationList = AB7812B02B317962003BAAD0 /* Build configuration list for PBXNativeTarget "01_basicUITests" */;
			buildPhases = (
				AB78129C2B317962003BAAD0 /* Sources */,
				AB78129D2B317962003BAAD0 /* Frameworks */,
				AB78129E2B317962003BAAD0 /* Resources */,
			);
			buildRules = (
			);
			dependencies = (
				AB7812A22B317962003BAAD0 /* PBXTargetDependency */,
			);
			name = 01_basicUITests;
			productName = 01_basicUITests;
			productReference = AB7812A02B317962003BAAD0 /* 01_basicUITests.xctest */;
			productType = "com.apple.product-type.bundle.ui-testing";
		};
/* End PBXNativeTarget section */

/* Begin PBXProject section */
		AB78127E2B317961003BAAD0 /* Project object */ = {
			isa = PBXProject;
			attributes = {
				BuildIndependentTargetsInParallel = 1;
				LastSwiftUpdateCheck = 1420;
				LastUpgradeCheck = 1420;
				TargetAttributes = {
					AB7812852B317961003BAAD0 = {
						CreatedOnToolsVersion = 14.2;
					};
					AB7812952B317962003BAAD0 = {
						CreatedOnToolsVersion = 14.2;
						TestTargetID = AB7812852B317961003BAAD0;
					};
					AB78129F2B317962003BAAD0 = {
						CreatedOnToolsVersion = 14.2;
						TestTargetID = AB7812852B317961003BAAD0;
					};
				};
			};
			buildConfigurationList = AB7812812B317961003BAAD0 /* Build configuration list for PBXProject "01_basic" */;
			compatibilityVersion = "Xcode 14.0";
			developmentRegion = en;
			hasScannedForEncodings = 0;
			knownRegions = (
				en,
				Base,
			);
			mainGroup = AB78127D2B317961003BAAD0;
			productRefGroup = AB7812872B317961003BAAD0 /* Products */;
			projectDirPath = "";
			projectRoot = "";
			targets = (
				AB7812852B317961003BAAD0 /* 01_basic */,
				AB7812952B317962003BAAD0 /* 01_basicTests */,
				AB78129F2B317962003BAAD0 /* 01_basicUITests */,
			);
		};
/* End PBXProject section */

/* Begin PBXResourcesBuildPhase section */
		AB7812842B317961003BAAD0 /* Resources */ = {
			isa = PBXResourcesBuildPhase;
			buildActionMask = 2147483647;
			files = (
				AB7812912B317961003BAAD0 /* Preview Assets.xcassets in Resources */,
				AB78128E2B317961003BAAD0 /* Assets.xcassets in Resources */,
			);
			runOnlyForDeploymentPostprocessing = 0;
		};
		AB7812942B317962003BAAD0 /* Resources */ = {
			isa = PBXResourcesBuildPhase;
			buildActionMask = 2147483647;
			files = (
			);
			runOnlyForDeploymentPostprocessing = 0;
		};
		AB78129E2B317962003BAAD0 /* Resources */ = {
			isa = PBXResourcesBuildPhase;
			buildActionMask = 2147483647;
			files = (
			);
			runOnlyForDeploymentPostprocessing = 0;
		};
/* End PBXResourcesBuildPhase section */

/* Begin PBXSourcesBuildPhase section */
		AB7812822B317961003BAAD0 /* Sources */ = {
			isa = PBXSourcesBuildPhase;
			buildActionMask = 2147483647;
			files = (
				AB7812B62B317A53003BAAD0 /* VariableType.swift in Sources */,
				AB78128C2B317961003BAAD0 /* ContentView.swift in Sources */,
				AB7812BE2B318E16003BAAD0 /* Function.swift in Sources */,
				AB78128A2B317961003BAAD0 /* _1_basicApp.swift in Sources */,
				AB7812BC2B318C7E003BAAD0 /* Loop.swift in Sources */,
				AB7812B82B318427003BAAD0 /* MyCollections.swift in Sources */,
				AB7812BA2B3189B7003BAAD0 /* Condition.swift in Sources */,
			);
			runOnlyForDeploymentPostprocessing = 0;
		};
		AB7812922B317962003BAAD0 /* Sources */ = {
			isa = PBXSourcesBuildPhase;
			buildActionMask = 2147483647;
			files = (
				AB78129B2B317962003BAAD0 /* _1_basicTests.swift in Sources */,
			);
			runOnlyForDeploymentPostprocessing = 0;
		};
		AB78129C2B317962003BAAD0 /* Sources */ = {
			isa = PBXSourcesBuildPhase;
			buildActionMask = 2147483647;
			files = (
				AB7812A72B317962003BAAD0 /* _1_basicUITestsLaunchTests.swift in Sources */,
				AB7812A52B317962003BAAD0 /* _1_basicUITests.swift in Sources */,
			);
			runOnlyForDeploymentPostprocessing = 0;
		};
/* End PBXSourcesBuildPhase section */

/* Begin PBXTargetDependency section */
		AB7812982B317962003BAAD0 /* PBXTargetDependency */ = {
			isa = PBXTargetDependency;
			target = AB7812852B317961003BAAD0 /* 01_basic */;
			targetProxy = AB7812972B317962003BAAD0 /* PBXContainerItemProxy */;
		};
		AB7812A22B317962003BAAD0 /* PBXTargetDependency */ = {
			isa = PBXTargetDependency;
			target = AB7812852B317961003BAAD0 /* 01_basic */;
			targetProxy = AB7812A12B317962003BAAD0 /* PBXContainerItemProxy */;
		};
/* End PBXTargetDependency section */

/* Begin XCBuildConfiguration section */
		AB7812A82B317962003BAAD0 /* Debug */ = {
			isa = XCBuildConfiguration;
			buildSettings = {
				ALWAYS_SEARCH_USER_PATHS = NO;
				CLANG_ANALYZER_NONNULL = YES;
				CLANG_ANALYZER_NUMBER_OBJECT_CONVERSION = YES_AGGRESSIVE;
				CLANG_CXX_LANGUAGE_STANDARD = "gnu++20";
				CLANG_ENABLE_MODULES = YES;
				CLANG_ENABLE_OBJC_ARC = YES;
				CLANG_ENABLE_OBJC_WEAK = YES;
				CLANG_WARN_BLOCK_CAPTURE_AUTORELEASING = YES;
				CLANG_WARN_BOOL_CONVERSION = YES;
				CLANG_WARN_COMMA = YES;
				CLANG_WARN_CONSTANT_CONVERSION = YES;
				CLANG_WARN_DEPRECATED_OBJC_IMPLEMENTATIONS = YES;
				CLANG_WARN_DIRECT_OBJC_ISA_USAGE = YES_ERROR;
				CLANG_WARN_DOCUMENTATION_COMMENTS = YES;
				CLANG_WARN_EMPTY_BODY = YES;
				CLANG_WARN_ENUM_CONVERSION = YES;
				CLANG_WARN_INFINITE_RECURSION = YES;
				CLANG_WARN_INT_CONVERSION = YES;
				CLANG_WARN_NON_LITERAL_NULL_CONVERSION = YES;
				CLANG_WARN_OBJC_IMPLICIT_RETAIN_SELF = YES;
				CLANG_WARN_OBJC_LITERAL_CONVERSION = YES;
				CLANG_WARN_OBJC_ROOT_CLASS = YES_ERROR;
				CLANG_WARN_QUOTED_INCLUDE_IN_FRAMEWORK_HEADER = YES;
				CLANG_WARN_RANGE_LOOP_ANALYSIS = YES;
				CLANG_WARN_STRICT_PROTOTYPES = YES;
				CLANG_WARN_SUSPICIOUS_MOVE = YES;
				CLANG_WARN_UNGUARDED_AVAILABILITY = YES_AGGRESSIVE;
				CLANG_WARN_UNREACHABLE_CODE = YES;
				CLANG_WARN__DUPLICATE_METHOD_MATCH = YES;
				COPY_PHASE_STRIP = NO;
				DEBUG_INFORMATION_FORMAT = dwarf;
				ENABLE_STRICT_OBJC_MSGSEND = YES;
				ENABLE_TESTABILITY = YES;
				GCC_C_LANGUAGE_STANDARD = gnu11;
				GCC_DYNAMIC_NO_PIC = NO;
				GCC_NO_COMMON_BLOCKS = YES;
				GCC_OPTIMIZATION_LEVEL = 0;
				GCC_PREPROCESSOR_DEFINITIONS = (
					"DEBUG=1",
					"$(inherited)",
				);
				GCC_WARN_64_TO_32_BIT_CONVERSION = YES;
				GCC_WARN_ABOUT_RETURN_TYPE = YES_ERROR;
				GCC_WARN_UNDECLARED_SELECTOR = YES;
				GCC_WARN_UNINITIALIZED_AUTOS = YES_AGGRESSIVE;
				GCC_WARN_UNUSED_FUNCTION = YES;
				GCC_WARN_UNUSED_VARIABLE = YES;
				IPHONEOS_DEPLOYMENT_TARGET = 16.2;
				MTL_ENABLE_DEBUG_INFO = INCLUDE_SOURCE;
				MTL_FAST_MATH = YES;
				ONLY_ACTIVE_ARCH = YES;
				SDKROOT = iphoneos;
				SWIFT_ACTIVE_COMPILATION_CONDITIONS = DEBUG;
				SWIFT_OPTIMIZATION_LEVEL = "-Onone";
			};
			name = Debug;
		};
		AB7812A92B317962003BAAD0 /* Release */ = {
			isa = XCBuildConfiguration;
			buildSettings = {
				ALWAYS_SEARCH_USER_PATHS = NO;
				CLANG_ANALYZER_NONNULL = YES;
				CLANG_ANALYZER_NUMBER_OBJECT_CONVERSION = YES_AGGRESSIVE;
				CLANG_CXX_LANGUAGE_STANDARD = "gnu++20";
				CLANG_ENABLE_MODULES = YES;
				CLANG_ENABLE_OBJC_ARC = YES;
				CLANG_ENABLE_OBJC_WEAK = YES;
				CLANG_WARN_BLOCK_CAPTURE_AUTORELEASING = YES;
				CLANG_WARN_BOOL_CONVERSION = YES;
				CLANG_WARN_COMMA = YES;
				CLANG_WARN_CONSTANT_CONVERSION = YES;
				CLANG_WARN_DEPRECATED_OBJC_IMPLEMENTATIONS = YES;
				CLANG_WARN_DIRECT_OBJC_ISA_USAGE = YES_ERROR;
				CLANG_WARN_DOCUMENTATION_COMMENTS = YES;
				CLANG_WARN_EMPTY_BODY = YES;
				CLANG_WARN_ENUM_CONVERSION = YES;
				CLANG_WARN_INFINITE_RECURSION = YES;
				CLANG_WARN_INT_CONVERSION = YES;
				CLANG_WARN_NON_LITERAL_NULL_CONVERSION = YES;
				CLANG_WARN_OBJC_IMPLICIT_RETAIN_SELF = YES;
				CLANG_WARN_OBJC_LITERAL_CONVERSION = YES;
				CLANG_WARN_OBJC_ROOT_CLASS = YES_ERROR;
				CLANG_WARN_QUOTED_INCLUDE_IN_FRAMEWORK_HEADER = YES;
				CLANG_WARN_RANGE_LOOP_ANALYSIS = YES;
				CLANG_WARN_STRICT_PROTOTYPES = YES;
				CLANG_WARN_SUSPICIOUS_MOVE = YES;
				CLANG_WARN_UNGUARDED_AVAILABILITY = YES_AGGRESSIVE;
				CLANG_WARN_UNREACHABLE_CODE = YES;
				CLANG_WARN__DUPLICATE_METHOD_MATCH = YES;
				COPY_PHASE_STRIP = NO;
				DEBUG_INFORMATION_FORMAT = "dwarf-with-dsym";
				ENABLE_NS_ASSERTIONS = NO;
				ENABLE_STRICT_OBJC_MSGSEND = YES;
				GCC_C_LANGUAGE_STANDARD = gnu11;
				GCC_NO_COMMON_BLOCKS = YES;
				GCC_WARN_64_TO_32_BIT_CONVERSION = YES;
				GCC_WARN_ABOUT_RETURN_TYPE = YES_ERROR;
				GCC_WARN_UNDECLARED_SELECTOR = YES;
				GCC_WARN_UNINITIALIZED_AUTOS = YES_AGGRESSIVE;
				GCC_WARN_UNUSED_FUNCTION = YES;
				GCC_WARN_UNUSED_VARIABLE = YES;
				IPHONEOS_DEPLOYMENT_TARGET = 16.2;
				MTL_ENABLE_DEBUG_INFO = NO;
				MTL_FAST_MATH = YES;
				SDKROOT = iphoneos;
				SWIFT_COMPILATION_MODE = wholemodule;
				SWIFT_OPTIMIZATION_LEVEL = "-O";
				VALIDATE_PRODUCT = YES;
			};
			name = Release;
		};
		AB7812AB2B317962003BAAD0 /* Debug */ = {
			isa = XCBuildConfiguration;
			buildSettings = {
				ASSETCATALOG_COMPILER_APPICON_NAME = AppIcon;
				ASSETCATALOG_COMPILER_GLOBAL_ACCENT_COLOR_NAME = AccentColor;
				CODE_SIGN_STYLE = Automatic;
				CURRENT_PROJECT_VERSION = 1;
				DEVELOPMENT_ASSET_PATHS = "\"01_basic/Preview Content\"";
				ENABLE_PREVIEWS = YES;
				GENERATE_INFOPLIST_FILE = YES;
				INFOPLIST_KEY_UIApplicationSceneManifest_Generation = YES;
				INFOPLIST_KEY_UIApplicationSupportsIndirectInputEvents = YES;
				INFOPLIST_KEY_UILaunchScreen_Generation = YES;
				INFOPLIST_KEY_UISupportedInterfaceOrientations_iPad = "UIInterfaceOrientationPortrait UIInterfaceOrientationPortraitUpsideDown UIInterfaceOrientationLandscapeLeft UIInterfaceOrientationLandscapeRight";
				INFOPLIST_KEY_UISupportedInterfaceOrientations_iPhone = "UIInterfaceOrientationPortrait UIInterfaceOrientationLandscapeLeft UIInterfaceOrientationLandscapeRight";
				LD_RUNPATH_SEARCH_PATHS = (
					"$(inherited)",
					"@executable_path/Frameworks",
				);
				MARKETING_VERSION = 1.0;
				PRODUCT_BUNDLE_IDENTIFIER = "kr.co.test.-1-basic";
				PRODUCT_NAME = "$(TARGET_NAME)";
				SWIFT_EMIT_LOC_STRINGS = YES;
				SWIFT_VERSION = 5.0;
				TARGETED_DEVICE_FAMILY = "1,2";
			};
			name = Debug;
		};
		AB7812AC2B317962003BAAD0 /* Release */ = {
			isa = XCBuildConfiguration;
			buildSettings = {
				ASSETCATALOG_COMPILER_APPICON_NAME = AppIcon;
				ASSETCATALOG_COMPILER_GLOBAL_ACCENT_COLOR_NAME = AccentColor;
				CODE_SIGN_STYLE = Automatic;
				CURRENT_PROJECT_VERSION = 1;
				DEVELOPMENT_ASSET_PATHS = "\"01_basic/Preview Content\"";
				ENABLE_PREVIEWS = YES;
				GENERATE_INFOPLIST_FILE = YES;
				INFOPLIST_KEY_UIApplicationSceneManifest_Generation = YES;
				INFOPLIST_KEY_UIApplicationSupportsIndirectInputEvents = YES;
				INFOPLIST_KEY_UILaunchScreen_Generation = YES;
				INFOPLIST_KEY_UISupportedInterfaceOrientations_iPad = "UIInterfaceOrientationPortrait UIInterfaceOrientationPortraitUpsideDown UIInterfaceOrientationLandscapeLeft UIInterfaceOrientationLandscapeRight";
				INFOPLIST_KEY_UISupportedInterfaceOrientations_iPhone = "UIInterfaceOrientationPortrait UIInterfaceOrientationLandscapeLeft UIInterfaceOrientationLandscapeRight";
				LD_RUNPATH_SEARCH_PATHS = (
					"$(inherited)",
					"@executable_path/Frameworks",
				);
				MARKETING_VERSION = 1.0;
				PRODUCT_BUNDLE_IDENTIFIER = "kr.co.test.-1-basic";
				PRODUCT_NAME = "$(TARGET_NAME)";
				SWIFT_EMIT_LOC_STRINGS = YES;
				SWIFT_VERSION = 5.0;
				TARGETED_DEVICE_FAMILY = "1,2";
			};
			name = Release;
		};
		AB7812AE2B317962003BAAD0 /* Debug */ = {
			isa = XCBuildConfiguration;
			buildSettings = {
				ALWAYS_EMBED_SWIFT_STANDARD_LIBRARIES = YES;
				BUNDLE_LOADER = "$(TEST_HOST)";
				CODE_SIGN_STYLE = Automatic;
				CURRENT_PROJECT_VERSION = 1;
				GENERATE_INFOPLIST_FILE = YES;
				IPHONEOS_DEPLOYMENT_TARGET = 16.2;
				MARKETING_VERSION = 1.0;
				PRODUCT_BUNDLE_IDENTIFIER = "kr.co.test.-1-basicTests";
				PRODUCT_NAME = "$(TARGET_NAME)";
				SWIFT_EMIT_LOC_STRINGS = NO;
				SWIFT_VERSION = 5.0;
				TARGETED_DEVICE_FAMILY = "1,2";
				TEST_HOST = "$(BUILT_PRODUCTS_DIR)/01_basic.app/$(BUNDLE_EXECUTABLE_FOLDER_PATH)/01_basic";
			};
			name = Debug;
		};
		AB7812AF2B317962003BAAD0 /* Release */ = {
			isa = XCBuildConfiguration;
			buildSettings = {
				ALWAYS_EMBED_SWIFT_STANDARD_LIBRARIES = YES;
				BUNDLE_LOADER = "$(TEST_HOST)";
				CODE_SIGN_STYLE = Automatic;
				CURRENT_PROJECT_VERSION = 1;
				GENERATE_INFOPLIST_FILE = YES;
				IPHONEOS_DEPLOYMENT_TARGET = 16.2;
				MARKETING_VERSION = 1.0;
				PRODUCT_BUNDLE_IDENTIFIER = "kr.co.test.-1-basicTests";
				PRODUCT_NAME = "$(TARGET_NAME)";
				SWIFT_EMIT_LOC_STRINGS = NO;
				SWIFT_VERSION = 5.0;
				TARGETED_DEVICE_FAMILY = "1,2";
				TEST_HOST = "$(BUILT_PRODUCTS_DIR)/01_basic.app/$(BUNDLE_EXECUTABLE_FOLDER_PATH)/01_basic";
			};
			name = Release;
		};
		AB7812B12B317962003BAAD0 /* Debug */ = {
			isa = XCBuildConfiguration;
			buildSettings = {
				ALWAYS_EMBED_SWIFT_STANDARD_LIBRARIES = YES;
				CODE_SIGN_STYLE = Automatic;
				CURRENT_PROJECT_VERSION = 1;
				GENERATE_INFOPLIST_FILE = YES;
				MARKETING_VERSION = 1.0;
				PRODUCT_BUNDLE_IDENTIFIER = "kr.co.test.-1-basicUITests";
				PRODUCT_NAME = "$(TARGET_NAME)";
				SWIFT_EMIT_LOC_STRINGS = NO;
				SWIFT_VERSION = 5.0;
				TARGETED_DEVICE_FAMILY = "1,2";
				TEST_TARGET_NAME = 01_basic;
			};
			name = Debug;
		};
		AB7812B22B317962003BAAD0 /* Release */ = {
			isa = XCBuildConfiguration;
			buildSettings = {
				ALWAYS_EMBED_SWIFT_STANDARD_LIBRARIES = YES;
				CODE_SIGN_STYLE = Automatic;
				CURRENT_PROJECT_VERSION = 1;
				GENERATE_INFOPLIST_FILE = YES;
				MARKETING_VERSION = 1.0;
				PRODUCT_BUNDLE_IDENTIFIER = "kr.co.test.-1-basicUITests";
				PRODUCT_NAME = "$(TARGET_NAME)";
				SWIFT_EMIT_LOC_STRINGS = NO;
				SWIFT_VERSION = 5.0;
				TARGETED_DEVICE_FAMILY = "1,2";
				TEST_TARGET_NAME = 01_basic;
			};
			name = Release;
		};
/* End XCBuildConfiguration section */

/* Begin XCConfigurationList section */
		AB7812812B317961003BAAD0 /* Build configuration list for PBXProject "01_basic" */ = {
			isa = XCConfigurationList;
			buildConfigurations = (
				AB7812A82B317962003BAAD0 /* Debug */,
				AB7812A92B317962003BAAD0 /* Release */,
			);
			defaultConfigurationIsVisible = 0;
			defaultConfigurationName = Release;
		};
		AB7812AA2B317962003BAAD0 /* Build configuration list for PBXNativeTarget "01_basic" */ = {
			isa = XCConfigurationList;
			buildConfigurations = (
				AB7812AB2B317962003BAAD0 /* Debug */,
				AB7812AC2B317962003BAAD0 /* Release */,
			);
			defaultConfigurationIsVisible = 0;
			defaultConfigurationName = Release;
		};
		AB7812AD2B317962003BAAD0 /* Build configuration list for PBXNativeTarget "01_basicTests" */ = {
			isa = XCConfigurationList;
			buildConfigurations = (
				AB7812AE2B317962003BAAD0 /* Debug */,
				AB7812AF2B317962003BAAD0 /* Release */,
			);
			defaultConfigurationIsVisible = 0;
			defaultConfigurationName = Release;
		};
		AB7812B02B317962003BAAD0 /* Build configuration list for PBXNativeTarget "01_basicUITests" */ = {
			isa = XCConfigurationList;
			buildConfigurations = (
				AB7812B12B317962003BAAD0 /* Debug */,
				AB7812B22B317962003BAAD0 /* Release */,
			);
			defaultConfigurationIsVisible = 0;
			defaultConfigurationName = Release;
		};
/* End XCConfigurationList section */
	};
	rootObject = AB78127E2B317961003BAAD0 /* Project object */;
}
